
Microsoft Visual Studio Solution File, Format Version 12.00
# Visual Studio Version 16
VisualStudioVersion = 16.0.30011.22
MinimumVisualStudioVersion = 10.0.40219.1
Project("{9A19103F-16F7-4668-BE54-9A1E7A4F7556}") = "XUCore", "src\XUCore\XUCore.csproj", "{4730B736-3F7B-49E3-9BFF-9B7DEE6F017E}"
EndProject
Project("{2150E333-8FDC-42A3-9474-1A3956D46DE8}") = "1-基础库", "1-基础库", "{9032613A-31BC-4FCE-8097-6145D574A8AF}"
EndProject
Project("{9A19103F-16F7-4668-BE54-9A1E7A4F7556}") = "XUCore.Drawing", "src\XUCore.Drawing\XUCore.Drawing.csproj", "{823675AE-8FF2-4B15-B01C-7217AEF4B27C}"
EndProject
Project("{2150E333-8FDC-42A3-9474-1A3956D46DE8}") = "2-NetCore", "2-NetCore", "{B9D8B0C9-3B02-4385-B04F-8B1CCEE4A1BF}"
EndProject
Project("{9A19103F-16F7-4668-BE54-9A1E7A4F7556}") = "XUCore.NetCore", "src\XUCore.NetCore\XUCore.NetCore.csproj", "{79E15CB3-F830-406D-9B38-346A6ED6B50E}"
EndProject
Project("{9A19103F-16F7-4668-BE54-9A1E7A4F7556}") = "XUCore.NetCore.AccessControl", "src\XUCore.NetCore.AccessControl\XUCore.NetCore.AccessControl.csproj", "{30105BEF-6D36-4B52-95EA-A28CBD357249}"
EndProject
Project("{9A19103F-16F7-4668-BE54-9A1E7A4F7556}") = "XUCore.NetCore.Redis", "src\XUCore.NetCore.Redis\XUCore.NetCore.Redis.csproj", "{55732CFE-2698-461F-A3B9-C38B57C76699}"
EndProject
Project("{9A19103F-16F7-4668-BE54-9A1E7A4F7556}") = "XUCore.NetCore.Jwt", "src\XUCore.NetCore.Jwt\XUCore.NetCore.Jwt.csproj", "{427ED4C5-B7E5-4CFB-B687-CB9D6BBAFEE7}"
EndProject
Project("{9A19103F-16F7-4668-BE54-9A1E7A4F7556}") = "XUCore.NetCore.Data", "src\XUCore.NetCore.Data\XUCore.NetCore.Data.csproj", "{FD0A234A-0FA1-4830-8BD9-94CFFA764990}"
EndProject
Project("{2150E333-8FDC-42A3-9474-1A3956D46DE8}") = "NUnit", "NUnit", "{756E10C8-084A-4709-8982-2946B935FEB5}"
EndProject
Project("{9A19103F-16F7-4668-BE54-9A1E7A4F7556}") = "XUCore.Tests", "test\XUCore.Tests\XUCore.Tests.csproj", "{C489FA3B-E579-4C74-8374-FCF52098FDB2}"
EndProject
Project("{9A19103F-16F7-4668-BE54-9A1E7A4F7556}") = "XUCore.NetCore.ApiTests", "test\XUCore.NetCore.ApiTests\XUCore.NetCore.ApiTests.csproj", "{B84A99C6-C35F-4042-916A-8797DBBF07F1}"
EndProject
Project("{9A19103F-16F7-4668-BE54-9A1E7A4F7556}") = "XUCore.NetCore.ConsoleTests", "test\XUCore.NetCore.ConsoleTests\XUCore.NetCore.ConsoleTests.csproj", "{7CEF95B7-24A3-4ECA-AC98-F97FD51F62AD}"
EndProject
Project("{9A19103F-16F7-4668-BE54-9A1E7A4F7556}") = "XUCore.NetCore.AccessControlTests", "test\XUCore.NetCore.AccessControlTests\XUCore.NetCore.AccessControlTests.csproj", "{E0C3BDCD-549D-4502-81AB-5A2B853F0AD3}"
EndProject
Project("{9A19103F-16F7-4668-BE54-9A1E7A4F7556}") = "XUCore.NetCore.MessageApiTest", "test\XUCore.NetCore.MessageApiTest\XUCore.NetCore.MessageApiTest.csproj", "{E247754B-B584-4BAE-AF34-C81DADE3234B}"
EndProject
Project("{9A19103F-16F7-4668-BE54-9A1E7A4F7556}") = "XUCore.NetCore.RazorTests", "test\XUCore.NetCore.RazorTests\XUCore.NetCore.RazorTests.csproj", "{93D93C0B-64EC-4FE8-918E-A2A0DF0F1D8E}"
EndProject
Project("{9A19103F-16F7-4668-BE54-9A1E7A4F7556}") = "XUCore.NetCore.WebTests", "test\XUCore.NetCore.WebTests\XUCore.NetCore.WebTests.csproj", "{7D5924A1-A8D5-4CDC-ABCA-9F4E3B8D452F}"
EndProject
Project("{9A19103F-16F7-4668-BE54-9A1E7A4F7556}") = "XUCore.NetCore.Sample", "test\XUCore.NetCore.Sample\XUCore.NetCore.Sample.csproj", "{364C3A28-B5EE-4DDA-A66D-BC1D7B5E4A66}"
EndProject
Project("{2150E333-8FDC-42A3-9474-1A3956D46DE8}") = "src", "src", "{C8DFC589-0B10-4CF2-B7B2-688A1236D2D2}"
EndProject
Project("{2150E333-8FDC-42A3-9474-1A3956D46DE8}") = "test", "test", "{4F3EE3C6-B8CF-471F-BD73-E8C83C00D557}"
EndProject
Project("{9A19103F-16F7-4668-BE54-9A1E7A4F7556}") = "XUCore.NetCore.DataTest", "test\XUCore.NetCore.DataTest\XUCore.NetCore.DataTest.csproj", "{006ED0C4-71A2-47DE-8057-256DCF73F280}"
EndProject
Project("{9A19103F-16F7-4668-BE54-9A1E7A4F7556}") = "XUCore.ShellProgressBar.Examples", "test\XUCore.ShellProgressBar.Examples\XUCore.ShellProgressBar.Examples.csproj", "{BD2C0F1C-1599-4312-8CAD-6BD4F5A1AEBC}"
EndProject
Project("{9A19103F-16F7-4668-BE54-9A1E7A4F7556}") = "XUCore.NetCore.AspectCore", "src\XUCore.NetCore.AspectCore\XUCore.NetCore.AspectCore.csproj", "{92D77168-4A64-4367-936E-9AD50514B971}"
EndProject
Project("{9A19103F-16F7-4668-BE54-9A1E7A4F7556}") = "XUCore.NetCore.Swagger", "src\XUCore.NetCore.Swagger\XUCore.NetCore.Swagger.csproj", "{B1F4CBB1-46C4-4EBD-907B-6936548EA736}"
EndProject
Project("{9A19103F-16F7-4668-BE54-9A1E7A4F7556}") = "XUCore.NetCore.Mongo", "src\XUCore.NetCore.Mongo\XUCore.NetCore.Mongo.csproj", "{61FDBDFC-2B5B-4DD1-9149-8817B20329C8}"
EndProject
Project("{9A19103F-16F7-4668-BE54-9A1E7A4F7556}") = "XUCore.NetCore.Mongo.Test", "test\XUCore.NetCore.Mongo.Test\XUCore.NetCore.Mongo.Test.csproj", "{F71902B5-EE8F-4C16-92FC-93EDF45F1FDC}"
EndProject
Project("{9A19103F-16F7-4668-BE54-9A1E7A4F7556}") = "XUCore.NetCore.DynamicWebApi", "src\XUCore.NetCore.DynamicWebApi\XUCore.NetCore.DynamicWebApi.csproj", "{232F1F75-9955-4846-97A0-18CE6BA539F3}"
EndProject
Project("{9A19103F-16F7-4668-BE54-9A1E7A4F7556}") = "XUCore.Ddd.Domain", "src\XUCore.Ddd.Domain\XUCore.Ddd.Domain.csproj", "{C9CE61CF-1DF1-4820-81F6-198AA17ED487}"
EndProject
Project("{9A19103F-16F7-4668-BE54-9A1E7A4F7556}") = "XUCoreApp", "src\XUCoreApp\XUCoreApp.csproj", "{0F7F2985-DED8-4360-A86B-AD02270C4C76}"
EndProject
Project("{FAE04EC0-301F-11D3-BF4B-00C04F79EFBC}") = "XUCore.NetCore.FreeSql", "src\XUCore.NetCore.FreeSql\XUCore.NetCore.FreeSql.csproj", "{9EEFFC32-4AFC-4D9C-967E-AE6EF47922DB}"
EndProject
Global
	GlobalSection(SolutionConfigurationPlatforms) = preSolution
		Debug|Any CPU = Debug|Any CPU
		Release|Any CPU = Release|Any CPU
	EndGlobalSection
	GlobalSection(ProjectConfigurationPlatforms) = postSolution
		{4730B736-3F7B-49E3-9BFF-9B7DEE6F017E}.Debug|Any CPU.ActiveCfg = Debug|Any CPU
		{4730B736-3F7B-49E3-9BFF-9B7DEE6F017E}.Debug|Any CPU.Build.0 = Debug|Any CPU
		{4730B736-3F7B-49E3-9BFF-9B7DEE6F017E}.Release|Any CPU.ActiveCfg = Release|Any CPU
		{4730B736-3F7B-49E3-9BFF-9B7DEE6F017E}.Release|Any CPU.Build.0 = Release|Any CPU
		{823675AE-8FF2-4B15-B01C-7217AEF4B27C}.Debug|Any CPU.ActiveCfg = Debug|Any CPU
		{823675AE-8FF2-4B15-B01C-7217AEF4B27C}.Debug|Any CPU.Build.0 = Debug|Any CPU
		{823675AE-8FF2-4B15-B01C-7217AEF4B27C}.Release|Any CPU.ActiveCfg = Release|Any CPU
		{823675AE-8FF2-4B15-B01C-7217AEF4B27C}.Release|Any CPU.Build.0 = Release|Any CPU
		{79E15CB3-F830-406D-9B38-346A6ED6B50E}.Debug|Any CPU.ActiveCfg = Debug|Any CPU
		{79E15CB3-F830-406D-9B38-346A6ED6B50E}.Debug|Any CPU.Build.0 = Debug|Any CPU
		{79E15CB3-F830-406D-9B38-346A6ED6B50E}.Release|Any CPU.ActiveCfg = Release|Any CPU
		{79E15CB3-F830-406D-9B38-346A6ED6B50E}.Release|Any CPU.Build.0 = Release|Any CPU
		{30105BEF-6D36-4B52-95EA-A28CBD357249}.Debug|Any CPU.ActiveCfg = Debug|Any CPU
		{30105BEF-6D36-4B52-95EA-A28CBD357249}.Debug|Any CPU.Build.0 = Debug|Any CPU
		{30105BEF-6D36-4B52-95EA-A28CBD357249}.Release|Any CPU.ActiveCfg = Release|Any CPU
		{30105BEF-6D36-4B52-95EA-A28CBD357249}.Release|Any CPU.Build.0 = Release|Any CPU
		{55732CFE-2698-461F-A3B9-C38B57C76699}.Debug|Any CPU.ActiveCfg = Debug|Any CPU
		{55732CFE-2698-461F-A3B9-C38B57C76699}.Debug|Any CPU.Build.0 = Debug|Any CPU
		{55732CFE-2698-461F-A3B9-C38B57C76699}.Release|Any CPU.ActiveCfg = Release|Any CPU
		{55732CFE-2698-461F-A3B9-C38B57C76699}.Release|Any CPU.Build.0 = Release|Any CPU
		{427ED4C5-B7E5-4CFB-B687-CB9D6BBAFEE7}.Debug|Any CPU.ActiveCfg = Debug|Any CPU
		{427ED4C5-B7E5-4CFB-B687-CB9D6BBAFEE7}.Debug|Any CPU.Build.0 = Debug|Any CPU
		{427ED4C5-B7E5-4CFB-B687-CB9D6BBAFEE7}.Release|Any CPU.ActiveCfg = Release|Any CPU
		{427ED4C5-B7E5-4CFB-B687-CB9D6BBAFEE7}.Release|Any CPU.Build.0 = Release|Any CPU
		{FD0A234A-0FA1-4830-8BD9-94CFFA764990}.Debug|Any CPU.ActiveCfg = Debug|Any CPU
		{FD0A234A-0FA1-4830-8BD9-94CFFA764990}.Debug|Any CPU.Build.0 = Debug|Any CPU
		{FD0A234A-0FA1-4830-8BD9-94CFFA764990}.Release|Any CPU.ActiveCfg = Release|Any CPU
		{FD0A234A-0FA1-4830-8BD9-94CFFA764990}.Release|Any CPU.Build.0 = Release|Any CPU
		{C489FA3B-E579-4C74-8374-FCF52098FDB2}.Debug|Any CPU.ActiveCfg = Debug|Any CPU
		{C489FA3B-E579-4C74-8374-FCF52098FDB2}.Debug|Any CPU.Build.0 = Debug|Any CPU
		{C489FA3B-E579-4C74-8374-FCF52098FDB2}.Release|Any CPU.ActiveCfg = Release|Any CPU
		{C489FA3B-E579-4C74-8374-FCF52098FDB2}.Release|Any CPU.Build.0 = Release|Any CPU
		{B84A99C6-C35F-4042-916A-8797DBBF07F1}.Debug|Any CPU.ActiveCfg = Debug|Any CPU
		{B84A99C6-C35F-4042-916A-8797DBBF07F1}.Debug|Any CPU.Build.0 = Debug|Any CPU
		{B84A99C6-C35F-4042-916A-8797DBBF07F1}.Release|Any CPU.ActiveCfg = Release|Any CPU
		{B84A99C6-C35F-4042-916A-8797DBBF07F1}.Release|Any CPU.Build.0 = Release|Any CPU
		{7CEF95B7-24A3-4ECA-AC98-F97FD51F62AD}.Debug|Any CPU.ActiveCfg = Debug|Any CPU
		{7CEF95B7-24A3-4ECA-AC98-F97FD51F62AD}.Debug|Any CPU.Build.0 = Debug|Any CPU
		{7CEF95B7-24A3-4ECA-AC98-F97FD51F62AD}.Release|Any CPU.ActiveCfg = Release|Any CPU
		{7CEF95B7-24A3-4ECA-AC98-F97FD51F62AD}.Release|Any CPU.Build.0 = Release|Any CPU
		{E0C3BDCD-549D-4502-81AB-5A2B853F0AD3}.Debug|Any CPU.ActiveCfg = Debug|Any CPU
		{E0C3BDCD-549D-4502-81AB-5A2B853F0AD3}.Debug|Any CPU.Build.0 = Debug|Any CPU
		{E0C3BDCD-549D-4502-81AB-5A2B853F0AD3}.Release|Any CPU.ActiveCfg = Release|Any CPU
		{E0C3BDCD-549D-4502-81AB-5A2B853F0AD3}.Release|Any CPU.Build.0 = Release|Any CPU
		{E247754B-B584-4BAE-AF34-C81DADE3234B}.Debug|Any CPU.ActiveCfg = Debug|Any CPU
		{E247754B-B584-4BAE-AF34-C81DADE3234B}.Debug|Any CPU.Build.0 = Debug|Any CPU
		{E247754B-B584-4BAE-AF34-C81DADE3234B}.Release|Any CPU.ActiveCfg = Release|Any CPU
		{E247754B-B584-4BAE-AF34-C81DADE3234B}.Release|Any CPU.Build.0 = Release|Any CPU
		{93D93C0B-64EC-4FE8-918E-A2A0DF0F1D8E}.Debug|Any CPU.ActiveCfg = Debug|Any CPU
		{93D93C0B-64EC-4FE8-918E-A2A0DF0F1D8E}.Debug|Any CPU.Build.0 = Debug|Any CPU
		{93D93C0B-64EC-4FE8-918E-A2A0DF0F1D8E}.Release|Any CPU.ActiveCfg = Release|Any CPU
		{93D93C0B-64EC-4FE8-918E-A2A0DF0F1D8E}.Release|Any CPU.Build.0 = Release|Any CPU
		{7D5924A1-A8D5-4CDC-ABCA-9F4E3B8D452F}.Debug|Any CPU.ActiveCfg = Debug|Any CPU
		{7D5924A1-A8D5-4CDC-ABCA-9F4E3B8D452F}.Debug|Any CPU.Build.0 = Debug|Any CPU
		{7D5924A1-A8D5-4CDC-ABCA-9F4E3B8D452F}.Release|Any CPU.ActiveCfg = Release|Any CPU
		{7D5924A1-A8D5-4CDC-ABCA-9F4E3B8D452F}.Release|Any CPU.Build.0 = Release|Any CPU
		{364C3A28-B5EE-4DDA-A66D-BC1D7B5E4A66}.Debug|Any CPU.ActiveCfg = Debug|Any CPU
		{364C3A28-B5EE-4DDA-A66D-BC1D7B5E4A66}.Debug|Any CPU.Build.0 = Debug|Any CPU
		{364C3A28-B5EE-4DDA-A66D-BC1D7B5E4A66}.Release|Any CPU.ActiveCfg = Release|Any CPU
		{364C3A28-B5EE-4DDA-A66D-BC1D7B5E4A66}.Release|Any CPU.Build.0 = Release|Any CPU
		{006ED0C4-71A2-47DE-8057-256DCF73F280}.Debug|Any CPU.ActiveCfg = Debug|Any CPU
		{006ED0C4-71A2-47DE-8057-256DCF73F280}.Debug|Any CPU.Build.0 = Debug|Any CPU
		{006ED0C4-71A2-47DE-8057-256DCF73F280}.Release|Any CPU.ActiveCfg = Release|Any CPU
		{006ED0C4-71A2-47DE-8057-256DCF73F280}.Release|Any CPU.Build.0 = Release|Any CPU
		{BD2C0F1C-1599-4312-8CAD-6BD4F5A1AEBC}.Debug|Any CPU.ActiveCfg = Debug|Any CPU
		{BD2C0F1C-1599-4312-8CAD-6BD4F5A1AEBC}.Debug|Any CPU.Build.0 = Debug|Any CPU
		{BD2C0F1C-1599-4312-8CAD-6BD4F5A1AEBC}.Release|Any CPU.ActiveCfg = Release|Any CPU
		{BD2C0F1C-1599-4312-8CAD-6BD4F5A1AEBC}.Release|Any CPU.Build.0 = Release|Any CPU
		{92D77168-4A64-4367-936E-9AD50514B971}.Debug|Any CPU.ActiveCfg = Debug|Any CPU
		{92D77168-4A64-4367-936E-9AD50514B971}.Debug|Any CPU.Build.0 = Debug|Any CPU
		{92D77168-4A64-4367-936E-9AD50514B971}.Release|Any CPU.ActiveCfg = Release|Any CPU
		{92D77168-4A64-4367-936E-9AD50514B971}.Release|Any CPU.Build.0 = Release|Any CPU
		{B1F4CBB1-46C4-4EBD-907B-6936548EA736}.Debug|Any CPU.ActiveCfg = Debug|Any CPU
		{B1F4CBB1-46C4-4EBD-907B-6936548EA736}.Debug|Any CPU.Build.0 = Debug|Any CPU
		{B1F4CBB1-46C4-4EBD-907B-6936548EA736}.Release|Any CPU.ActiveCfg = Release|Any CPU
		{B1F4CBB1-46C4-4EBD-907B-6936548EA736}.Release|Any CPU.Build.0 = Release|Any CPU
		{61FDBDFC-2B5B-4DD1-9149-8817B20329C8}.Debug|Any CPU.ActiveCfg = Debug|Any CPU
		{61FDBDFC-2B5B-4DD1-9149-8817B20329C8}.Debug|Any CPU.Build.0 = Debug|Any CPU
		{61FDBDFC-2B5B-4DD1-9149-8817B20329C8}.Release|Any CPU.ActiveCfg = Release|Any CPU
		{61FDBDFC-2B5B-4DD1-9149-8817B20329C8}.Release|Any CPU.Build.0 = Release|Any CPU
		{F71902B5-EE8F-4C16-92FC-93EDF45F1FDC}.Debug|Any CPU.ActiveCfg = Debug|Any CPU
		{F71902B5-EE8F-4C16-92FC-93EDF45F1FDC}.Debug|Any CPU.Build.0 = Debug|Any CPU
		{F71902B5-EE8F-4C16-92FC-93EDF45F1FDC}.Release|Any CPU.ActiveCfg = Release|Any CPU
		{F71902B5-EE8F-4C16-92FC-93EDF45F1FDC}.Release|Any CPU.Build.0 = Release|Any CPU
		{232F1F75-9955-4846-97A0-18CE6BA539F3}.Debug|Any CPU.ActiveCfg = Debug|Any CPU
		{232F1F75-9955-4846-97A0-18CE6BA539F3}.Debug|Any CPU.Build.0 = Debug|Any CPU
		{232F1F75-9955-4846-97A0-18CE6BA539F3}.Release|Any CPU.ActiveCfg = Release|Any CPU
		{232F1F75-9955-4846-97A0-18CE6BA539F3}.Release|Any CPU.Build.0 = Release|Any CPU
		{C9CE61CF-1DF1-4820-81F6-198AA17ED487}.Debug|Any CPU.ActiveCfg = Debug|Any CPU
		{C9CE61CF-1DF1-4820-81F6-198AA17ED487}.Debug|Any CPU.Build.0 = Debug|Any CPU
		{C9CE61CF-1DF1-4820-81F6-198AA17ED487}.Release|Any CPU.ActiveCfg = Release|Any CPU
		{C9CE61CF-1DF1-4820-81F6-198AA17ED487}.Release|Any CPU.Build.0 = Release|Any CPU
		{0F7F2985-DED8-4360-A86B-AD02270C4C76}.Debug|Any CPU.ActiveCfg = Debug|Any CPU
		{0F7F2985-DED8-4360-A86B-AD02270C4C76}.Debug|Any CPU.Build.0 = Debug|Any CPU
		{0F7F2985-DED8-4360-A86B-AD02270C4C76}.Release|Any CPU.ActiveCfg = Release|Any CPU
		{0F7F2985-DED8-4360-A86B-AD02270C4C76}.Release|Any CPU.Build.0 = Release|Any CPU
		{9EEFFC32-4AFC-4D9C-967E-AE6EF47922DB}.Debug|Any CPU.ActiveCfg = Debug|Any CPU
		{9EEFFC32-4AFC-4D9C-967E-AE6EF47922DB}.Debug|Any CPU.Build.0 = Debug|Any CPU
		{9EEFFC32-4AFC-4D9C-967E-AE6EF47922DB}.Release|Any CPU.ActiveCfg = Release|Any CPU
		{9EEFFC32-4AFC-4D9C-967E-AE6EF47922DB}.Release|Any CPU.Build.0 = Release|Any CPU
	EndGlobalSection
	GlobalSection(SolutionProperties) = preSolution
		HideSolutionNode = FALSE
	EndGlobalSection
	GlobalSection(NestedProjects) = preSolution
		{4730B736-3F7B-49E3-9BFF-9B7DEE6F017E} = {9032613A-31BC-4FCE-8097-6145D574A8AF}
		{9032613A-31BC-4FCE-8097-6145D574A8AF} = {C8DFC589-0B10-4CF2-B7B2-688A1236D2D2}
		{823675AE-8FF2-4B15-B01C-7217AEF4B27C} = {9032613A-31BC-4FCE-8097-6145D574A8AF}
		{B9D8B0C9-3B02-4385-B04F-8B1CCEE4A1BF} = {C8DFC589-0B10-4CF2-B7B2-688A1236D2D2}
		{79E15CB3-F830-406D-9B38-346A6ED6B50E} = {B9D8B0C9-3B02-4385-B04F-8B1CCEE4A1BF}
		{30105BEF-6D36-4B52-95EA-A28CBD357249} = {B9D8B0C9-3B02-4385-B04F-8B1CCEE4A1BF}
		{55732CFE-2698-461F-A3B9-C38B57C76699} = {B9D8B0C9-3B02-4385-B04F-8B1CCEE4A1BF}
		{427ED4C5-B7E5-4CFB-B687-CB9D6BBAFEE7} = {B9D8B0C9-3B02-4385-B04F-8B1CCEE4A1BF}
		{FD0A234A-0FA1-4830-8BD9-94CFFA764990} = {B9D8B0C9-3B02-4385-B04F-8B1CCEE4A1BF}
		{756E10C8-084A-4709-8982-2946B935FEB5} = {4F3EE3C6-B8CF-471F-BD73-E8C83C00D557}
		{C489FA3B-E579-4C74-8374-FCF52098FDB2} = {756E10C8-084A-4709-8982-2946B935FEB5}
		{B84A99C6-C35F-4042-916A-8797DBBF07F1} = {4F3EE3C6-B8CF-471F-BD73-E8C83C00D557}
		{7CEF95B7-24A3-4ECA-AC98-F97FD51F62AD} = {4F3EE3C6-B8CF-471F-BD73-E8C83C00D557}
		{E0C3BDCD-549D-4502-81AB-5A2B853F0AD3} = {4F3EE3C6-B8CF-471F-BD73-E8C83C00D557}
		{E247754B-B584-4BAE-AF34-C81DADE3234B} = {4F3EE3C6-B8CF-471F-BD73-E8C83C00D557}
		{93D93C0B-64EC-4FE8-918E-A2A0DF0F1D8E} = {4F3EE3C6-B8CF-471F-BD73-E8C83C00D557}
		{7D5924A1-A8D5-4CDC-ABCA-9F4E3B8D452F} = {4F3EE3C6-B8CF-471F-BD73-E8C83C00D557}
		{364C3A28-B5EE-4DDA-A66D-BC1D7B5E4A66} = {4F3EE3C6-B8CF-471F-BD73-E8C83C00D557}
		{006ED0C4-71A2-47DE-8057-256DCF73F280} = {4F3EE3C6-B8CF-471F-BD73-E8C83C00D557}
		{BD2C0F1C-1599-4312-8CAD-6BD4F5A1AEBC} = {4F3EE3C6-B8CF-471F-BD73-E8C83C00D557}
		{92D77168-4A64-4367-936E-9AD50514B971} = {B9D8B0C9-3B02-4385-B04F-8B1CCEE4A1BF}
		{B1F4CBB1-46C4-4EBD-907B-6936548EA736} = {B9D8B0C9-3B02-4385-B04F-8B1CCEE4A1BF}
		{61FDBDFC-2B5B-4DD1-9149-8817B20329C8} = {B9D8B0C9-3B02-4385-B04F-8B1CCEE4A1BF}
		{F71902B5-EE8F-4C16-92FC-93EDF45F1FDC} = {4F3EE3C6-B8CF-471F-BD73-E8C83C00D557}
		{232F1F75-9955-4846-97A0-18CE6BA539F3} = {B9D8B0C9-3B02-4385-B04F-8B1CCEE4A1BF}
		{C9CE61CF-1DF1-4820-81F6-198AA17ED487} = {B9D8B0C9-3B02-4385-B04F-8B1CCEE4A1BF}
		{0F7F2985-DED8-4360-A86B-AD02270C4C76} = {9032613A-31BC-4FCE-8097-6145D574A8AF}
		{9EEFFC32-4AFC-4D9C-967E-AE6EF47922DB} = {B9D8B0C9-3B02-4385-B04F-8B1CCEE4A1BF}
	EndGlobalSection
	GlobalSection(ExtensibilityGlobals) = postSolution
		SolutionGuid = {63C60367-AD3A-442A-A79A-F9D652E5089F}
	EndGlobalSection
EndGlobal
